{
  "version": 4,
  "terraform_version": "1.12.1",
  "serial": 316,
  "lineage": "a3d95f37-a8db-b835-5c03-d85348e945e1",
  "outputs": {},
  "resources": [
    {
      "module": "module.database",
      "mode": "data",
      "type": "azurerm_mssql_server",
      "name": "sql_server",
      "provider": "provider[\"registry.terraform.io/hashicorp/azurerm\"]",
      "instances": [
        {
          "schema_version": 0,
          "attributes": {
            "administrator_login": "devopsadmin",
            "express_vulnerability_assessment_enabled": false,
            "fully_qualified_domain_name": "goyalserver.database.windows.net",
            "id": "/subscriptions/1ecb1540-18db-4ab8-9eac-659a71d4a5f7/resourceGroups/rg_infra/providers/Microsoft.Sql/servers/goyalserver",
            "identity": [],
            "location": "centralindia",
            "name": "goyalserver",
            "resource_group_name": "rg_infra",
            "restorable_dropped_database_ids": [],
            "tags": {},
            "timeouts": null,
            "transparent_data_encryption_key_vault_key_id": "",
            "version": "12.0"
          },
          "sensitive_attributes": [],
          "identity_schema_version": 0
        }
      ]
    },
    {
      "module": "module.database",
      "mode": "managed",
      "type": "azurerm_mssql_database",
      "name": "database",
      "provider": "provider[\"registry.terraform.io/hashicorp/azurerm\"]",
      "instances": [
        {
          "schema_version": 1,
          "attributes": {
            "auto_pause_delay_in_minutes": 0,
            "collation": "SQL_Latin1_General_CP1_CI_AS",
            "create_mode": "Default",
            "creation_source_database_id": null,
            "elastic_pool_id": "",
            "enclave_type": "VBS",
            "geo_backup_enabled": true,
            "id": "/subscriptions/1ecb1540-18db-4ab8-9eac-659a71d4a5f7/resourceGroups/rg_infra/providers/Microsoft.Sql/servers/goyalserver/databases/goyalsqldatabase",
            "identity": [],
            "import": [],
            "ledger_enabled": false,
            "license_type": "LicenseIncluded",
            "long_term_retention_policy": [
              {
                "immutable_backups_enabled": false,
                "monthly_retention": "PT0S",
                "week_of_year": 1,
                "weekly_retention": "PT0S",
                "yearly_retention": "PT0S"
              }
            ],
            "maintenance_configuration_name": "SQL_Default",
            "max_size_gb": 2,
            "min_capacity": 0,
            "name": "goyalsqldatabase",
            "read_replica_count": 0,
            "read_scale": false,
            "recover_database_id": null,
            "recovery_point_id": null,
            "restore_dropped_database_id": null,
            "restore_long_term_retention_backup_id": null,
            "restore_point_in_time": null,
            "sample_name": null,
            "secondary_type": "",
            "server_id": "/subscriptions/1ecb1540-18db-4ab8-9eac-659a71d4a5f7/resourceGroups/rg_infra/providers/Microsoft.Sql/servers/goyalserver",
            "short_term_retention_policy": [
              {
                "backup_interval_in_hours": 24,
                "retention_days": 7
              }
            ],
            "sku_name": "S0",
            "storage_account_type": "Geo",
            "tags": {},
            "threat_detection_policy": [
              {
                "disabled_alerts": [],
                "email_account_admins": "Disabled",
                "email_addresses": [],
                "retention_days": 0,
                "state": "Disabled",
                "storage_account_access_key": "",
                "storage_endpoint": ""
              }
            ],
            "timeouts": null,
            "transparent_data_encryption_enabled": true,
            "transparent_data_encryption_key_automatic_rotation_enabled": false,
            "transparent_data_encryption_key_vault_key_id": "",
            "zone_redundant": false
          },
          "sensitive_attributes": [
            [
              {
                "type": "get_attr",
                "value": "threat_detection_policy"
              },
              {
                "type": "index",
                "value": {
                  "value": 0,
                  "type": "number"
                }
              },
              {
                "type": "get_attr",
                "value": "storage_account_access_key"
              }
            ]
          ],
          "identity_schema_version": 0,
          "private": "eyJlMmJmYjczMC1lY2FhLTExZTYtOGY4OC0zNDM2M2JjN2M0YzAiOnsiY3JlYXRlIjozNjAwMDAwMDAwMDAwLCJkZWxldGUiOjM2MDAwMDAwMDAwMDAsInJlYWQiOjMwMDAwMDAwMDAwMCwidXBkYXRlIjozNjAwMDAwMDAwMDAwfSwic2NoZW1hX3ZlcnNpb24iOiIxIn0=",
          "dependencies": [
            "module.database.data.azurerm_mssql_server.sql_server",
            "module.key_vault.azurerm_key_vault.key_vault",
            "module.key_vault.data.azurerm_client_config.current",
            "module.resource_group.azurerm_resource_group.resource_group",
            "module.secret1.azurerm_key_vault_secret.secret",
            "module.secret2.azurerm_key_vault_secret.secret",
            "module.sql_server.azurerm_mssql_server.sql",
            "module.sql_server.data.azurerm_key_vault.key",
            "module.sql_server.data.azurerm_key_vault_secret.server_password",
            "module.sql_server.data.azurerm_key_vault_secret.server_username"
          ]
        }
      ]
    },
    {
      "module": "module.key_vault",
      "mode": "data",
      "type": "azurerm_client_config",
      "name": "current",
      "provider": "provider[\"registry.terraform.io/hashicorp/azurerm\"]",
      "instances": [
        {
          "schema_version": 0,
          "attributes": {
            "client_id": "04b07795-8ddb-461a-bbee-02f9e1bf7b46",
            "id": "Y2xpZW50Q29uZmlncy9jbGllbnRJZD0wNGIwNzc5NS04ZGRiLTQ2MWEtYmJlZS0wMmY5ZTFiZjdiNDY7b2JqZWN0SWQ9Y2IxOWYzZGEtYzgxZi00NWVkLTk3M2MtZDliYmFhYTBjNTZkO3N1YnNjcmlwdGlvbklkPTFlY2IxNTQwLTE4ZGItNGFiOC05ZWFjLTY1OWE3MWQ0YTVmNzt0ZW5hbnRJZD04OTdmM2Y3Yy0zYjk5LTRjMmQtYjE3Ny1jOTZmYTQ0YWRhNGM=",
            "object_id": "cb19f3da-c81f-45ed-973c-d9bbaaa0c56d",
            "subscription_id": "1ecb1540-18db-4ab8-9eac-659a71d4a5f7",
            "tenant_id": "897f3f7c-3b99-4c2d-b177-c96fa44ada4c",
            "timeouts": null
          },
          "sensitive_attributes": [],
          "identity_schema_version": 0
        }
      ]
    },
    {
      "module": "module.key_vault",
      "mode": "managed",
      "type": "azurerm_key_vault",
      "name": "key_vault",
      "provider": "provider[\"registry.terraform.io/hashicorp/azurerm\"]",
      "instances": [
        {
          "schema_version": 2,
          "attributes": {
            "access_policy": [],
            "contact": [],
            "enable_rbac_authorization": false,
            "enabled_for_deployment": false,
            "enabled_for_disk_encryption": true,
            "enabled_for_template_deployment": false,
            "id": "/subscriptions/1ecb1540-18db-4ab8-9eac-659a71d4a5f7/resourceGroups/rg_infra/providers/Microsoft.KeyVault/vaults/goyalkeyvault",
            "location": "centralindia",
            "name": "goyalkeyvault",
            "network_acls": [
              {
                "bypass": "AzureServices",
                "default_action": "Allow",
                "ip_rules": [],
                "virtual_network_subnet_ids": []
              }
            ],
            "public_network_access_enabled": true,
            "purge_protection_enabled": false,
            "resource_group_name": "rg_infra",
            "sku_name": "standard",
            "soft_delete_retention_days": 7,
            "tags": {},
            "tenant_id": "897f3f7c-3b99-4c2d-b177-c96fa44ada4c",
            "timeouts": null,
            "vault_uri": "https://goyalkeyvault.vault.azure.net/"
          },
          "sensitive_attributes": [],
          "identity_schema_version": 0,
          "private": "eyJlMmJmYjczMC1lY2FhLTExZTYtOGY4OC0zNDM2M2JjN2M0YzAiOnsiY3JlYXRlIjoxODAwMDAwMDAwMDAwLCJkZWxldGUiOjE4MDAwMDAwMDAwMDAsInJlYWQiOjMwMDAwMDAwMDAwMCwidXBkYXRlIjoxODAwMDAwMDAwMDAwfSwic2NoZW1hX3ZlcnNpb24iOiIyIn0=",
          "dependencies": [
            "module.key_vault.data.azurerm_client_config.current",
            "module.resource_group.azurerm_resource_group.resource_group"
          ]
        }
      ]
    },
    {
      "module": "module.public_ip1",
      "mode": "managed",
      "type": "azurerm_public_ip",
      "name": "public_ip",
      "provider": "provider[\"registry.terraform.io/hashicorp/azurerm\"]",
      "instances": [
        {
          "schema_version": 0,
          "attributes": {
            "allocation_method": "Static",
            "ddos_protection_mode": "VirtualNetworkInherited",
            "ddos_protection_plan_id": null,
            "domain_name_label": null,
            "domain_name_label_scope": null,
            "edge_zone": "",
            "fqdn": null,
            "id": "/subscriptions/1ecb1540-18db-4ab8-9eac-659a71d4a5f7/resourceGroups/rg_infra/providers/Microsoft.Network/publicIPAddresses/public_ip_1",
            "idle_timeout_in_minutes": 4,
            "ip_address": "135.235.172.197",
            "ip_tags": {},
            "ip_version": "IPv4",
            "location": "centralindia",
            "name": "public_ip_1",
            "public_ip_prefix_id": null,
            "resource_group_name": "rg_infra",
            "reverse_fqdn": null,
            "sku": "Standard",
            "sku_tier": "Regional",
            "tags": {},
            "timeouts": null,
            "zones": []
          },
          "sensitive_attributes": [],
          "identity_schema_version": 0,
          "private": "eyJlMmJmYjczMC1lY2FhLTExZTYtOGY4OC0zNDM2M2JjN2M0YzAiOnsiY3JlYXRlIjoxODAwMDAwMDAwMDAwLCJkZWxldGUiOjE4MDAwMDAwMDAwMDAsInJlYWQiOjMwMDAwMDAwMDAwMCwidXBkYXRlIjoxODAwMDAwMDAwMDAwfX0=",
          "dependencies": [
            "module.resource_group.azurerm_resource_group.resource_group",
            "module.subnet1.azurerm_subnet.name",
            "module.virtual_network.azurerm_virtual_network.virtual_network"
          ]
        }
      ]
    },
    {
      "module": "module.public_ip2",
      "mode": "managed",
      "type": "azurerm_public_ip",
      "name": "public_ip",
      "provider": "provider[\"registry.terraform.io/hashicorp/azurerm\"]",
      "instances": [
        {
          "schema_version": 0,
          "attributes": {
            "allocation_method": "Static",
            "ddos_protection_mode": "VirtualNetworkInherited",
            "ddos_protection_plan_id": null,
            "domain_name_label": null,
            "domain_name_label_scope": null,
            "edge_zone": "",
            "fqdn": null,
            "id": "/subscriptions/1ecb1540-18db-4ab8-9eac-659a71d4a5f7/resourceGroups/rg_infra/providers/Microsoft.Network/publicIPAddresses/public_ip_2",
            "idle_timeout_in_minutes": 4,
            "ip_address": "98.70.122.140",
            "ip_tags": {},
            "ip_version": "IPv4",
            "location": "centralindia",
            "name": "public_ip_2",
            "public_ip_prefix_id": null,
            "resource_group_name": "rg_infra",
            "reverse_fqdn": null,
            "sku": "Standard",
            "sku_tier": "Regional",
            "tags": {},
            "timeouts": null,
            "zones": []
          },
          "sensitive_attributes": [],
          "identity_schema_version": 0,
          "private": "eyJlMmJmYjczMC1lY2FhLTExZTYtOGY4OC0zNDM2M2JjN2M0YzAiOnsiY3JlYXRlIjoxODAwMDAwMDAwMDAwLCJkZWxldGUiOjE4MDAwMDAwMDAwMDAsInJlYWQiOjMwMDAwMDAwMDAwMCwidXBkYXRlIjoxODAwMDAwMDAwMDAwfX0=",
          "dependencies": [
            "module.resource_group.azurerm_resource_group.resource_group",
            "module.subnet2.azurerm_subnet.name",
            "module.virtual_network.azurerm_virtual_network.virtual_network"
          ]
        }
      ]
    },
    {
      "module": "module.resource_group",
      "mode": "managed",
      "type": "azurerm_resource_group",
      "name": "resource_group",
      "provider": "provider[\"registry.terraform.io/hashicorp/azurerm\"]",
      "instances": [
        {
          "schema_version": 0,
          "attributes": {
            "id": "/subscriptions/1ecb1540-18db-4ab8-9eac-659a71d4a5f7/resourceGroups/rg_infra",
            "location": "centralindia",
            "managed_by": "",
            "name": "rg_infra",
            "tags": {},
            "timeouts": null
          },
          "sensitive_attributes": [],
          "identity_schema_version": 0,
          "private": "eyJlMmJmYjczMC1lY2FhLTExZTYtOGY4OC0zNDM2M2JjN2M0YzAiOnsiY3JlYXRlIjo1NDAwMDAwMDAwMDAwLCJkZWxldGUiOjU0MDAwMDAwMDAwMDAsInJlYWQiOjMwMDAwMDAwMDAwMCwidXBkYXRlIjo1NDAwMDAwMDAwMDAwfX0="
        }
      ]
    },
    {
      "module": "module.secret1",
      "mode": "managed",
      "type": "azurerm_key_vault_secret",
      "name": "secret",
      "provider": "provider[\"registry.terraform.io/hashicorp/azurerm\"]",
      "instances": [
        {
          "schema_version": 0,
          "attributes": {
            "content_type": "",
            "expiration_date": null,
            "id": "https://b18-locker.vault.azure.net/secrets/username-goyal/3f40f272916a4cecb9ea38c38b1341e5",
            "key_vault_id": "/subscriptions/1ecb1540-18db-4ab8-9eac-659a71d4a5f7/resourceGroups/RG-B18/providers/Microsoft.KeyVault/vaults/B18-Locker",
            "name": "username-goyal",
            "not_before_date": null,
            "resource_id": "/subscriptions/1ecb1540-18db-4ab8-9eac-659a71d4a5f7/resourceGroups/RG-B18/providers/Microsoft.KeyVault/vaults/B18-Locker/secrets/username-goyal/versions/3f40f272916a4cecb9ea38c38b1341e5",
            "resource_versionless_id": "/subscriptions/1ecb1540-18db-4ab8-9eac-659a71d4a5f7/resourceGroups/RG-B18/providers/Microsoft.KeyVault/vaults/B18-Locker/secrets/username-goyal",
            "tags": {},
            "timeouts": null,
            "value": "devopsadmin",
            "value_wo": null,
            "value_wo_version": 0,
            "version": "3f40f272916a4cecb9ea38c38b1341e5",
            "versionless_id": "https://b18-locker.vault.azure.net/secrets/username-goyal"
          },
          "sensitive_attributes": [
            [
              {
                "type": "get_attr",
                "value": "value"
              }
            ]
          ],
          "identity_schema_version": 0,
          "private": "eyJlMmJmYjczMC1lY2FhLTExZTYtOGY4OC0zNDM2M2JjN2M0YzAiOnsiY3JlYXRlIjoxODAwMDAwMDAwMDAwLCJkZWxldGUiOjE4MDAwMDAwMDAwMDAsInJlYWQiOjE4MDAwMDAwMDAwMDAsInVwZGF0ZSI6MTgwMDAwMDAwMDAwMH19"
        }
      ]
    },
    {
      "module": "module.secret2",
      "mode": "managed",
      "type": "azurerm_key_vault_secret",
      "name": "secret",
      "provider": "provider[\"registry.terraform.io/hashicorp/azurerm\"]",
      "instances": [
        {
          "schema_version": 0,
          "attributes": {
            "content_type": "",
            "expiration_date": null,
            "id": "https://b18-locker.vault.azure.net/secrets/password-goyal/1238ab9e47654cbdaa801d2286b407ba",
            "key_vault_id": "/subscriptions/1ecb1540-18db-4ab8-9eac-659a71d4a5f7/resourceGroups/RG-B18/providers/Microsoft.KeyVault/vaults/B18-Locker",
            "name": "password-goyal",
            "not_before_date": null,
            "resource_id": "/subscriptions/1ecb1540-18db-4ab8-9eac-659a71d4a5f7/resourceGroups/RG-B18/providers/Microsoft.KeyVault/vaults/B18-Locker/secrets/password-goyal/versions/1238ab9e47654cbdaa801d2286b407ba",
            "resource_versionless_id": "/subscriptions/1ecb1540-18db-4ab8-9eac-659a71d4a5f7/resourceGroups/RG-B18/providers/Microsoft.KeyVault/vaults/B18-Locker/secrets/password-goyal",
            "tags": {},
            "timeouts": null,
            "value": "Devops@1234",
            "value_wo": null,
            "value_wo_version": 0,
            "version": "1238ab9e47654cbdaa801d2286b407ba",
            "versionless_id": "https://b18-locker.vault.azure.net/secrets/password-goyal"
          },
          "sensitive_attributes": [
            [
              {
                "type": "get_attr",
                "value": "value"
              }
            ]
          ],
          "identity_schema_version": 0,
          "private": "eyJlMmJmYjczMC1lY2FhLTExZTYtOGY4OC0zNDM2M2JjN2M0YzAiOnsiY3JlYXRlIjoxODAwMDAwMDAwMDAwLCJkZWxldGUiOjE4MDAwMDAwMDAwMDAsInJlYWQiOjE4MDAwMDAwMDAwMDAsInVwZGF0ZSI6MTgwMDAwMDAwMDAwMH19"
        }
      ]
    },
    {
      "module": "module.sql_server",
      "mode": "data",
      "type": "azurerm_key_vault",
      "name": "key",
      "provider": "provider[\"registry.terraform.io/hashicorp/azurerm\"]",
      "instances": [
        {
          "schema_version": 0,
          "attributes": {
            "access_policy": [],
            "enable_rbac_authorization": true,
            "enabled_for_deployment": false,
            "enabled_for_disk_encryption": false,
            "enabled_for_template_deployment": false,
            "id": "/subscriptions/1ecb1540-18db-4ab8-9eac-659a71d4a5f7/resourceGroups/RG-B18/providers/Microsoft.KeyVault/vaults/B18-Locker",
            "location": "centralindia",
            "name": "B18-Locker",
            "network_acls": [
              {
                "bypass": "None",
                "default_action": "Allow",
                "ip_rules": [],
                "virtual_network_subnet_ids": []
              }
            ],
            "public_network_access_enabled": true,
            "purge_protection_enabled": false,
            "resource_group_name": "RG-B18",
            "sku_name": "standard",
            "tags": {},
            "tenant_id": "897f3f7c-3b99-4c2d-b177-c96fa44ada4c",
            "timeouts": null,
            "vault_uri": "https://b18-locker.vault.azure.net/"
          },
          "sensitive_attributes": [],
          "identity_schema_version": 0
        }
      ]
    },
    {
      "module": "module.sql_server",
      "mode": "data",
      "type": "azurerm_key_vault_secret",
      "name": "server_password",
      "provider": "provider[\"registry.terraform.io/hashicorp/azurerm\"]",
      "instances": [
        {
          "schema_version": 0,
          "attributes": {
            "content_type": "",
            "expiration_date": null,
            "id": "https://b18-locker.vault.azure.net/secrets/password-goyal/1238ab9e47654cbdaa801d2286b407ba",
            "key_vault_id": "/subscriptions/1ecb1540-18db-4ab8-9eac-659a71d4a5f7/resourceGroups/RG-B18/providers/Microsoft.KeyVault/vaults/B18-Locker",
            "name": "password-goyal",
            "not_before_date": null,
            "resource_id": "/subscriptions/1ecb1540-18db-4ab8-9eac-659a71d4a5f7/resourceGroups/RG-B18/providers/Microsoft.KeyVault/vaults/B18-Locker/secrets/password-goyal/versions/1238ab9e47654cbdaa801d2286b407ba",
            "resource_versionless_id": "/subscriptions/1ecb1540-18db-4ab8-9eac-659a71d4a5f7/resourceGroups/RG-B18/providers/Microsoft.KeyVault/vaults/B18-Locker/secrets/password-goyal",
            "tags": {},
            "timeouts": null,
            "value": "Devops@1234",
            "version": "1238ab9e47654cbdaa801d2286b407ba",
            "versionless_id": "https://b18-locker.vault.azure.net/secrets/password-goyal"
          },
          "sensitive_attributes": [
            [
              {
                "type": "get_attr",
                "value": "value"
              }
            ]
          ],
          "identity_schema_version": 0
        }
      ]
    },
    {
      "module": "module.sql_server",
      "mode": "data",
      "type": "azurerm_key_vault_secret",
      "name": "server_username",
      "provider": "provider[\"registry.terraform.io/hashicorp/azurerm\"]",
      "instances": [
        {
          "schema_version": 0,
          "attributes": {
            "content_type": "",
            "expiration_date": null,
            "id": "https://b18-locker.vault.azure.net/secrets/username-goyal/3f40f272916a4cecb9ea38c38b1341e5",
            "key_vault_id": "/subscriptions/1ecb1540-18db-4ab8-9eac-659a71d4a5f7/resourceGroups/RG-B18/providers/Microsoft.KeyVault/vaults/B18-Locker",
            "name": "username-goyal",
            "not_before_date": null,
            "resource_id": "/subscriptions/1ecb1540-18db-4ab8-9eac-659a71d4a5f7/resourceGroups/RG-B18/providers/Microsoft.KeyVault/vaults/B18-Locker/secrets/username-goyal/versions/3f40f272916a4cecb9ea38c38b1341e5",
            "resource_versionless_id": "/subscriptions/1ecb1540-18db-4ab8-9eac-659a71d4a5f7/resourceGroups/RG-B18/providers/Microsoft.KeyVault/vaults/B18-Locker/secrets/username-goyal",
            "tags": {},
            "timeouts": null,
            "value": "devopsadmin",
            "version": "3f40f272916a4cecb9ea38c38b1341e5",
            "versionless_id": "https://b18-locker.vault.azure.net/secrets/username-goyal"
          },
          "sensitive_attributes": [
            [
              {
                "type": "get_attr",
                "value": "value"
              }
            ]
          ],
          "identity_schema_version": 0
        }
      ]
    },
    {
      "module": "module.sql_server",
      "mode": "managed",
      "type": "azurerm_mssql_server",
      "name": "sql",
      "provider": "provider[\"registry.terraform.io/hashicorp/azurerm\"]",
      "instances": [
        {
          "schema_version": 0,
          "attributes": {
            "administrator_login": "devopsadmin",
            "administrator_login_password": "Devops@1234",
            "administrator_login_password_wo": null,
            "administrator_login_password_wo_version": 0,
            "azuread_administrator": [],
            "connection_policy": "Default",
            "express_vulnerability_assessment_enabled": false,
            "fully_qualified_domain_name": "goyalserver.database.windows.net",
            "id": "/subscriptions/1ecb1540-18db-4ab8-9eac-659a71d4a5f7/resourceGroups/rg_infra/providers/Microsoft.Sql/servers/goyalserver",
            "identity": [],
            "location": "centralindia",
            "minimum_tls_version": "1.2",
            "name": "goyalserver",
            "outbound_network_restriction_enabled": false,
            "primary_user_assigned_identity_id": "",
            "public_network_access_enabled": true,
            "resource_group_name": "rg_infra",
            "restorable_dropped_database_ids": [],
            "tags": {},
            "timeouts": null,
            "transparent_data_encryption_key_vault_key_id": "",
            "version": "12.0"
          },
          "sensitive_attributes": [
            [
              {
                "type": "get_attr",
                "value": "administrator_login"
              }
            ],
            [
              {
                "type": "get_attr",
                "value": "administrator_login_password"
              }
            ],
            [
              {
                "type": "get_attr",
                "value": "administrator_login_password_wo"
              }
            ]
          ],
          "identity_schema_version": 0,
          "private": "eyJlMmJmYjczMC1lY2FhLTExZTYtOGY4OC0zNDM2M2JjN2M0YzAiOnsiY3JlYXRlIjozNjAwMDAwMDAwMDAwLCJkZWxldGUiOjM2MDAwMDAwMDAwMDAsInJlYWQiOjMwMDAwMDAwMDAwMCwidXBkYXRlIjozNjAwMDAwMDAwMDAwfX0=",
          "dependencies": [
            "module.key_vault.azurerm_key_vault.key_vault",
            "module.key_vault.data.azurerm_client_config.current",
            "module.resource_group.azurerm_resource_group.resource_group",
            "module.secret1.azurerm_key_vault_secret.secret",
            "module.secret2.azurerm_key_vault_secret.secret",
            "module.sql_server.data.azurerm_key_vault.key",
            "module.sql_server.data.azurerm_key_vault_secret.server_password",
            "module.sql_server.data.azurerm_key_vault_secret.server_username"
          ]
        }
      ]
    },
    {
      "module": "module.subnet1",
      "mode": "managed",
      "type": "azurerm_subnet",
      "name": "name",
      "provider": "provider[\"registry.terraform.io/hashicorp/azurerm\"]",
      "instances": [
        {
          "schema_version": 0,
          "attributes": {
            "address_prefixes": [
              "10.0.1.0/24"
            ],
            "default_outbound_access_enabled": true,
            "delegation": [],
            "id": "/subscriptions/1ecb1540-18db-4ab8-9eac-659a71d4a5f7/resourceGroups/rg_infra/providers/Microsoft.Network/virtualNetworks/vnet_infra/subnets/subnet_1",
            "name": "subnet_1",
            "private_endpoint_network_policies": "Disabled",
            "private_link_service_network_policies_enabled": true,
            "resource_group_name": "rg_infra",
            "service_endpoint_policy_ids": [],
            "service_endpoints": [],
            "timeouts": null,
            "virtual_network_name": "vnet_infra"
          },
          "sensitive_attributes": [],
          "identity_schema_version": 0,
          "private": "eyJlMmJmYjczMC1lY2FhLTExZTYtOGY4OC0zNDM2M2JjN2M0YzAiOnsiY3JlYXRlIjoxODAwMDAwMDAwMDAwLCJkZWxldGUiOjE4MDAwMDAwMDAwMDAsInJlYWQiOjMwMDAwMDAwMDAwMCwidXBkYXRlIjoxODAwMDAwMDAwMDAwfX0=",
          "dependencies": [
            "module.resource_group.azurerm_resource_group.resource_group",
            "module.virtual_network.azurerm_virtual_network.virtual_network"
          ]
        }
      ]
    },
    {
      "module": "module.subnet2",
      "mode": "managed",
      "type": "azurerm_subnet",
      "name": "name",
      "provider": "provider[\"registry.terraform.io/hashicorp/azurerm\"]",
      "instances": [
        {
          "schema_version": 0,
          "attributes": {
            "address_prefixes": [
              "10.0.2.0/24"
            ],
            "default_outbound_access_enabled": true,
            "delegation": [],
            "id": "/subscriptions/1ecb1540-18db-4ab8-9eac-659a71d4a5f7/resourceGroups/rg_infra/providers/Microsoft.Network/virtualNetworks/vnet_infra/subnets/subnet_2",
            "name": "subnet_2",
            "private_endpoint_network_policies": "Disabled",
            "private_link_service_network_policies_enabled": true,
            "resource_group_name": "rg_infra",
            "service_endpoint_policy_ids": [],
            "service_endpoints": [],
            "timeouts": null,
            "virtual_network_name": "vnet_infra"
          },
          "sensitive_attributes": [],
          "identity_schema_version": 0,
          "private": "eyJlMmJmYjczMC1lY2FhLTExZTYtOGY4OC0zNDM2M2JjN2M0YzAiOnsiY3JlYXRlIjoxODAwMDAwMDAwMDAwLCJkZWxldGUiOjE4MDAwMDAwMDAwMDAsInJlYWQiOjMwMDAwMDAwMDAwMCwidXBkYXRlIjoxODAwMDAwMDAwMDAwfX0=",
          "dependencies": [
            "module.resource_group.azurerm_resource_group.resource_group",
            "module.virtual_network.azurerm_virtual_network.virtual_network"
          ]
        }
      ]
    },
    {
      "module": "module.virtual_network",
      "mode": "managed",
      "type": "azurerm_virtual_network",
      "name": "virtual_network",
      "provider": "provider[\"registry.terraform.io/hashicorp/azurerm\"]",
      "instances": [
        {
          "schema_version": 0,
          "attributes": {
            "address_space": [
              "10.0.0.0/16"
            ],
            "bgp_community": "",
            "ddos_protection_plan": [],
            "dns_servers": [],
            "edge_zone": "",
            "encryption": [],
            "flow_timeout_in_minutes": 0,
            "guid": "0ccd6127-a188-41fc-b4a3-264bbaa6834d",
            "id": "/subscriptions/1ecb1540-18db-4ab8-9eac-659a71d4a5f7/resourceGroups/rg_infra/providers/Microsoft.Network/virtualNetworks/vnet_infra",
            "ip_address_pool": [],
            "location": "centralindia",
            "name": "vnet_infra",
            "private_endpoint_vnet_policies": "Disabled",
            "resource_group_name": "rg_infra",
            "subnet": [
              {
                "address_prefixes": [
                  "10.0.1.0/24"
                ],
                "default_outbound_access_enabled": true,
                "delegation": [],
                "id": "/subscriptions/1ecb1540-18db-4ab8-9eac-659a71d4a5f7/resourceGroups/rg_infra/providers/Microsoft.Network/virtualNetworks/vnet_infra/subnets/subnet_1",
                "name": "subnet_1",
                "private_endpoint_network_policies": "Disabled",
                "private_link_service_network_policies_enabled": true,
                "route_table_id": "",
                "security_group": "",
                "service_endpoint_policy_ids": [],
                "service_endpoints": []
              },
              {
                "address_prefixes": [
                  "10.0.2.0/24"
                ],
                "default_outbound_access_enabled": true,
                "delegation": [],
                "id": "/subscriptions/1ecb1540-18db-4ab8-9eac-659a71d4a5f7/resourceGroups/rg_infra/providers/Microsoft.Network/virtualNetworks/vnet_infra/subnets/subnet_2",
                "name": "subnet_2",
                "private_endpoint_network_policies": "Disabled",
                "private_link_service_network_policies_enabled": true,
                "route_table_id": "",
                "security_group": "",
                "service_endpoint_policy_ids": [],
                "service_endpoints": []
              }
            ],
            "tags": {},
            "timeouts": null
          },
          "sensitive_attributes": [],
          "identity_schema_version": 0,
          "private": "eyJlMmJmYjczMC1lY2FhLTExZTYtOGY4OC0zNDM2M2JjN2M0YzAiOnsiY3JlYXRlIjoxODAwMDAwMDAwMDAwLCJkZWxldGUiOjE4MDAwMDAwMDAwMDAsInJlYWQiOjMwMDAwMDAwMDAwMCwidXBkYXRlIjoxODAwMDAwMDAwMDAwfX0=",
          "dependencies": [
            "module.resource_group.azurerm_resource_group.resource_group"
          ]
        }
      ]
    },
    {
      "module": "module.vm1",
      "mode": "data",
      "type": "azurerm_key_vault",
      "name": "key",
      "provider": "provider[\"registry.terraform.io/hashicorp/azurerm\"]",
      "instances": [
        {
          "schema_version": 0,
          "attributes": {
            "access_policy": [],
            "enable_rbac_authorization": true,
            "enabled_for_deployment": false,
            "enabled_for_disk_encryption": false,
            "enabled_for_template_deployment": false,
            "id": "/subscriptions/1ecb1540-18db-4ab8-9eac-659a71d4a5f7/resourceGroups/RG-B18/providers/Microsoft.KeyVault/vaults/B18-Locker",
            "location": "centralindia",
            "name": "B18-Locker",
            "network_acls": [
              {
                "bypass": "None",
                "default_action": "Allow",
                "ip_rules": [],
                "virtual_network_subnet_ids": []
              }
            ],
            "public_network_access_enabled": true,
            "purge_protection_enabled": false,
            "resource_group_name": "RG-B18",
            "sku_name": "standard",
            "tags": {},
            "tenant_id": "897f3f7c-3b99-4c2d-b177-c96fa44ada4c",
            "timeouts": null,
            "vault_uri": "https://b18-locker.vault.azure.net/"
          },
          "sensitive_attributes": [],
          "identity_schema_version": 0
        }
      ]
    },
    {
      "module": "module.vm1",
      "mode": "data",
      "type": "azurerm_key_vault_secret",
      "name": "pass_vm",
      "provider": "provider[\"registry.terraform.io/hashicorp/azurerm\"]",
      "instances": [
        {
          "schema_version": 0,
          "attributes": {
            "content_type": "",
            "expiration_date": null,
            "id": "https://b18-locker.vault.azure.net/secrets/password-goyal/1238ab9e47654cbdaa801d2286b407ba",
            "key_vault_id": "/subscriptions/1ecb1540-18db-4ab8-9eac-659a71d4a5f7/resourceGroups/RG-B18/providers/Microsoft.KeyVault/vaults/B18-Locker",
            "name": "password-goyal",
            "not_before_date": null,
            "resource_id": "/subscriptions/1ecb1540-18db-4ab8-9eac-659a71d4a5f7/resourceGroups/RG-B18/providers/Microsoft.KeyVault/vaults/B18-Locker/secrets/password-goyal/versions/1238ab9e47654cbdaa801d2286b407ba",
            "resource_versionless_id": "/subscriptions/1ecb1540-18db-4ab8-9eac-659a71d4a5f7/resourceGroups/RG-B18/providers/Microsoft.KeyVault/vaults/B18-Locker/secrets/password-goyal",
            "tags": {},
            "timeouts": null,
            "value": "Devops@1234",
            "version": "1238ab9e47654cbdaa801d2286b407ba",
            "versionless_id": "https://b18-locker.vault.azure.net/secrets/password-goyal"
          },
          "sensitive_attributes": [
            [
              {
                "type": "get_attr",
                "value": "value"
              }
            ]
          ],
          "identity_schema_version": 0
        }
      ]
    },
    {
      "module": "module.vm1",
      "mode": "data",
      "type": "azurerm_key_vault_secret",
      "name": "user_vm",
      "provider": "provider[\"registry.terraform.io/hashicorp/azurerm\"]",
      "instances": [
        {
          "schema_version": 0,
          "attributes": {
            "content_type": "",
            "expiration_date": null,
            "id": "https://b18-locker.vault.azure.net/secrets/username-goyal/3f40f272916a4cecb9ea38c38b1341e5",
            "key_vault_id": "/subscriptions/1ecb1540-18db-4ab8-9eac-659a71d4a5f7/resourceGroups/RG-B18/providers/Microsoft.KeyVault/vaults/B18-Locker",
            "name": "username-goyal",
            "not_before_date": null,
            "resource_id": "/subscriptions/1ecb1540-18db-4ab8-9eac-659a71d4a5f7/resourceGroups/RG-B18/providers/Microsoft.KeyVault/vaults/B18-Locker/secrets/username-goyal/versions/3f40f272916a4cecb9ea38c38b1341e5",
            "resource_versionless_id": "/subscriptions/1ecb1540-18db-4ab8-9eac-659a71d4a5f7/resourceGroups/RG-B18/providers/Microsoft.KeyVault/vaults/B18-Locker/secrets/username-goyal",
            "tags": {},
            "timeouts": null,
            "value": "devopsadmin",
            "version": "3f40f272916a4cecb9ea38c38b1341e5",
            "versionless_id": "https://b18-locker.vault.azure.net/secrets/username-goyal"
          },
          "sensitive_attributes": [
            [
              {
                "type": "get_attr",
                "value": "value"
              }
            ]
          ],
          "identity_schema_version": 0
        }
      ]
    },
    {
      "module": "module.vm1",
      "mode": "data",
      "type": "azurerm_public_ip",
      "name": "public_ip",
      "provider": "provider[\"registry.terraform.io/hashicorp/azurerm\"]",
      "instances": [
        {
          "schema_version": 0,
          "attributes": {
            "allocation_method": "Static",
            "ddos_protection_mode": "VirtualNetworkInherited",
            "ddos_protection_plan_id": null,
            "domain_name_label": "",
            "fqdn": "",
            "id": "/subscriptions/1ecb1540-18db-4ab8-9eac-659a71d4a5f7/resourceGroups/rg_infra/providers/Microsoft.Network/publicIPAddresses/public_ip_1",
            "idle_timeout_in_minutes": 4,
            "ip_address": "135.235.172.197",
            "ip_tags": {},
            "ip_version": "IPv4",
            "location": "centralindia",
            "name": "public_ip_1",
            "resource_group_name": "rg_infra",
            "reverse_fqdn": "",
            "sku": "Standard",
            "tags": {},
            "timeouts": null,
            "zones": []
          },
          "sensitive_attributes": [],
          "identity_schema_version": 0
        }
      ]
    },
    {
      "module": "module.vm1",
      "mode": "data",
      "type": "azurerm_subnet",
      "name": "subnet",
      "provider": "provider[\"registry.terraform.io/hashicorp/azurerm\"]",
      "instances": [
        {
          "schema_version": 0,
          "attributes": {
            "address_prefix": "10.0.1.0/24",
            "address_prefixes": [
              "10.0.1.0/24"
            ],
            "default_outbound_access_enabled": true,
            "id": "/subscriptions/1ecb1540-18db-4ab8-9eac-659a71d4a5f7/resourceGroups/rg_infra/providers/Microsoft.Network/virtualNetworks/vnet_infra/subnets/subnet_1",
            "name": "subnet_1",
            "network_security_group_id": "",
            "private_endpoint_network_policies": "Disabled",
            "private_link_service_network_policies_enabled": true,
            "resource_group_name": "rg_infra",
            "route_table_id": "",
            "service_endpoints": [],
            "timeouts": null,
            "virtual_network_name": "vnet_infra"
          },
          "sensitive_attributes": [],
          "identity_schema_version": 0
        }
      ]
    },
    {
      "module": "module.vm1",
      "mode": "managed",
      "type": "azurerm_linux_virtual_machine",
      "name": "vm",
      "provider": "provider[\"registry.terraform.io/hashicorp/azurerm\"]",
      "instances": [
        {
          "schema_version": 0,
          "attributes": {
            "additional_capabilities": [],
            "admin_password": "Devops@1234",
            "admin_ssh_key": [],
            "admin_username": "devopsadmin",
            "allow_extension_operations": true,
            "availability_set_id": "",
            "boot_diagnostics": [],
            "bypass_platform_safety_checks_on_user_schedule_enabled": false,
            "capacity_reservation_group_id": "",
            "computer_name": "vm1111",
            "custom_data": null,
            "dedicated_host_group_id": "",
            "dedicated_host_id": "",
            "disable_password_authentication": false,
            "disk_controller_type": "",
            "edge_zone": "",
            "encryption_at_host_enabled": false,
            "eviction_policy": "",
            "extensions_time_budget": "PT1H30M",
            "gallery_application": [],
            "id": "/subscriptions/1ecb1540-18db-4ab8-9eac-659a71d4a5f7/resourceGroups/rg_infra/providers/Microsoft.Compute/virtualMachines/vm1111",
            "identity": [],
            "license_type": "",
            "location": "centralindia",
            "max_bid_price": -1,
            "name": "vm1111",
            "network_interface_ids": [
              "/subscriptions/1ecb1540-18db-4ab8-9eac-659a71d4a5f7/resourceGroups/rg_infra/providers/Microsoft.Network/networkInterfaces/nic_1"
            ],
            "os_disk": [
              {
                "caching": "ReadWrite",
                "diff_disk_settings": [],
                "disk_encryption_set_id": "",
                "disk_size_gb": 30,
                "id": "/subscriptions/1ecb1540-18db-4ab8-9eac-659a71d4a5f7/resourceGroups/rg_infra/providers/Microsoft.Compute/disks/vm1111_disk1_c923bd14ffdd40d3973dfda792d20ff8",
                "name": "vm1111_disk1_c923bd14ffdd40d3973dfda792d20ff8",
                "secure_vm_disk_encryption_set_id": "",
                "security_encryption_type": "",
                "storage_account_type": "Standard_LRS",
                "write_accelerator_enabled": false
              }
            ],
            "os_image_notification": [],
            "patch_assessment_mode": "ImageDefault",
            "patch_mode": "ImageDefault",
            "plan": [],
            "platform_fault_domain": -1,
            "priority": "Regular",
            "private_ip_address": "10.0.1.4",
            "private_ip_addresses": [
              "10.0.1.4"
            ],
            "provision_vm_agent": true,
            "proximity_placement_group_id": "",
            "public_ip_address": "135.235.172.197",
            "public_ip_addresses": [
              "135.235.172.197"
            ],
            "reboot_setting": "",
            "resource_group_name": "rg_infra",
            "secret": [],
            "secure_boot_enabled": false,
            "size": "Standard_B1s",
            "source_image_id": "",
            "source_image_reference": [
              {
                "offer": "0001-com-ubuntu-server-jammy",
                "publisher": "Canonical",
                "sku": "22_04-lts",
                "version": "latest"
              }
            ],
            "tags": {},
            "termination_notification": [],
            "timeouts": null,
            "user_data": "",
            "virtual_machine_id": "18b5c8d5-e18b-49a7-a962-ece1bae001ff",
            "virtual_machine_scale_set_id": "",
            "vm_agent_platform_updates_enabled": false,
            "vtpm_enabled": false,
            "zone": ""
          },
          "sensitive_attributes": [
            [
              {
                "type": "get_attr",
                "value": "admin_password"
              }
            ],
            [
              {
                "type": "get_attr",
                "value": "admin_username"
              }
            ],
            [
              {
                "type": "get_attr",
                "value": "custom_data"
              }
            ]
          ],
          "identity_schema_version": 0,
          "private": "eyJlMmJmYjczMC1lY2FhLTExZTYtOGY4OC0zNDM2M2JjN2M0YzAiOnsiY3JlYXRlIjoyNzAwMDAwMDAwMDAwLCJkZWxldGUiOjI3MDAwMDAwMDAwMDAsInJlYWQiOjMwMDAwMDAwMDAwMCwidXBkYXRlIjoyNzAwMDAwMDAwMDAwfX0=",
          "dependencies": [
            "module.public_ip1.azurerm_public_ip.public_ip",
            "module.resource_group.azurerm_resource_group.resource_group",
            "module.subnet1.azurerm_subnet.name",
            "module.virtual_network.azurerm_virtual_network.virtual_network",
            "module.vm1.azurerm_network_interface.nic",
            "module.vm1.data.azurerm_key_vault.key",
            "module.vm1.data.azurerm_key_vault_secret.pass_vm",
            "module.vm1.data.azurerm_key_vault_secret.user_vm",
            "module.vm1.data.azurerm_public_ip.public_ip",
            "module.vm1.data.azurerm_subnet.subnet"
          ]
        }
      ]
    },
    {
      "module": "module.vm1",
      "mode": "managed",
      "type": "azurerm_network_interface",
      "name": "nic",
      "provider": "provider[\"registry.terraform.io/hashicorp/azurerm\"]",
      "instances": [
        {
          "schema_version": 0,
          "attributes": {
            "accelerated_networking_enabled": false,
            "applied_dns_servers": [],
            "auxiliary_mode": "",
            "auxiliary_sku": "",
            "dns_servers": [],
            "edge_zone": "",
            "id": "/subscriptions/1ecb1540-18db-4ab8-9eac-659a71d4a5f7/resourceGroups/rg_infra/providers/Microsoft.Network/networkInterfaces/nic_1",
            "internal_dns_name_label": "",
            "internal_domain_name_suffix": "e3q20deiuh4ednfdezf1vjudjf.rx.internal.cloudapp.net",
            "ip_configuration": [
              {
                "gateway_load_balancer_frontend_ip_configuration_id": "",
                "name": "testconfigure",
                "primary": true,
                "private_ip_address": "10.0.1.4",
                "private_ip_address_allocation": "Dynamic",
                "private_ip_address_version": "IPv4",
                "public_ip_address_id": "/subscriptions/1ecb1540-18db-4ab8-9eac-659a71d4a5f7/resourceGroups/rg_infra/providers/Microsoft.Network/publicIPAddresses/public_ip_1",
                "subnet_id": "/subscriptions/1ecb1540-18db-4ab8-9eac-659a71d4a5f7/resourceGroups/rg_infra/providers/Microsoft.Network/virtualNetworks/vnet_infra/subnets/subnet_1"
              }
            ],
            "ip_forwarding_enabled": false,
            "location": "centralindia",
            "mac_address": "60-45-BD-AF-3F-23",
            "name": "nic_1",
            "private_ip_address": "10.0.1.4",
            "private_ip_addresses": [
              "10.0.1.4"
            ],
            "resource_group_name": "rg_infra",
            "tags": {},
            "timeouts": null,
            "virtual_machine_id": "/subscriptions/1ecb1540-18db-4ab8-9eac-659a71d4a5f7/resourceGroups/rg_infra/providers/Microsoft.Compute/virtualMachines/vm1111"
          },
          "sensitive_attributes": [],
          "identity_schema_version": 0,
          "private": "eyJlMmJmYjczMC1lY2FhLTExZTYtOGY4OC0zNDM2M2JjN2M0YzAiOnsiY3JlYXRlIjoxODAwMDAwMDAwMDAwLCJkZWxldGUiOjE4MDAwMDAwMDAwMDAsInJlYWQiOjMwMDAwMDAwMDAwMCwidXBkYXRlIjoxODAwMDAwMDAwMDAwfX0=",
          "dependencies": [
            "module.public_ip1.azurerm_public_ip.public_ip",
            "module.resource_group.azurerm_resource_group.resource_group",
            "module.subnet1.azurerm_subnet.name",
            "module.virtual_network.azurerm_virtual_network.virtual_network",
            "module.vm1.data.azurerm_public_ip.public_ip",
            "module.vm1.data.azurerm_subnet.subnet"
          ]
        }
      ]
    }
  ],
  "check_results": null
}
